
Microsoft Visual Studio Solution File, Format Version 12.00
# Visual Studio Version 17
VisualStudioVersion = 17.6.33815.320
MinimumVisualStudioVersion = 10.0.40219.1
Project("{9092AA53-FB77-4645-B42D-1CCCA6BD08BD}") = "grunt-contrib-obfuscator-4", "grunt-contrib-obfuscator-4.njsproj", "{7AEB62EE-F492-4774-AC1C-5CB047AAB2F0}"
EndProject
Global
	GlobalSection(SolutionConfigurationPlatforms) = preSolution
		Debug|Any CPU = Debug|Any CPU
		Release|Any CPU = Release|Any CPU
	EndGlobalSection
	GlobalSection(ProjectConfigurationPlatforms) = postSolution
		{7AEB62EE-F492-4774-AC1C-5CB047AAB2F0}.Debug|Any CPU.ActiveCfg = Debug|Any CPU
		{7AEB62EE-F492-4774-AC1C-5CB047AAB2F0}.Debug|Any CPU.Build.0 = Debug|Any CPU
		{7AEB62EE-F492-4774-AC1C-5CB047AAB2F0}.Release|Any CPU.ActiveCfg = Release|Any CPU
		{7AEB62EE-F492-4774-AC1C-5CB047AAB2F0}.Release|Any CPU.Build.0 = Release|Any CPU
	EndGlobalSection
	GlobalSection(SolutionProperties) = preSolution
		HideSolutionNode = FALSE
	EndGlobalSection
	GlobalSection(ExtensibilityGlobals) = postSolution
		SolutionGuid = {2509123B-821D-41C6-B4B9-D5B9C3E8EB16}
	EndGlobalSection
EndGlobal
